
Microsoft Visual Studio Solution File, Format Version 12.00
# Visual Studio Version 16
VisualStudioVersion = 16.0.30523.141
MinimumVisualStudioVersion = 10.0.40219.1
Project("{FAE04EC0-301F-11D3-BF4B-00C04F79EFBC}") = "ConsoleApp11", "ConsoleApp11.csproj", "{115D767B-1B37-403E-9738-E35F144C1E58}"
EndProject
Global
	GlobalSection(SolutionConfigurationPlatforms) = preSolution
		Debug|Any CPU = Debug|Any CPU
		Release|Any CPU = Release|Any CPU
	EndGlobalSection
	GlobalSection(ProjectConfigurationPlatforms) = postSolution
		{115D767B-1B37-403E-9738-E35F144C1E58}.Debug|Any CPU.ActiveCfg = Debug|Any CPU
		{115D767B-1B37-403E-9738-E35F144C1E58}.Debug|Any CPU.Build.0 = Debug|Any CPU
		{115D767B-1B37-403E-9738-E35F144C1E58}.Release|Any CPU.ActiveCfg = Release|Any CPU
		{115D767B-1B37-403E-9738-E35F144C1E58}.Release|Any CPU.Build.0 = Release|Any CPU
	EndGlobalSection
	GlobalSection(SolutionProperties) = preSolution
		HideSolutionNode = FALSE
	EndGlobalSection
	GlobalSection(ExtensibilityGlobals) = postSolution
		SolutionGuid = {EA8A476A-1187-414B-A09B-33DF1ACED5DF}
	EndGlobalSection
EndGlobal
